
Microsoft Visual Studio Solution File, Format Version 12.00
Project("{FAE04EC0-301F-11D3-BF4B-00C04F79EFBC}") = "OPPProject", "OPPProject\OPPProject.csproj", "{182CA289-647E-4ED5-A914-F5E0172F4D48}"
EndProject
Global
	GlobalSection(SolutionConfigurationPlatforms) = preSolution
		Debug|Any CPU = Debug|Any CPU
		Release|Any CPU = Release|Any CPU
	EndGlobalSection
	GlobalSection(ProjectConfigurationPlatforms) = postSolution
		{182CA289-647E-4ED5-A914-F5E0172F4D48}.Debug|Any CPU.ActiveCfg = Debug|Any CPU
		{182CA289-647E-4ED5-A914-F5E0172F4D48}.Debug|Any CPU.Build.0 = Debug|Any CPU
		{182CA289-647E-4ED5-A914-F5E0172F4D48}.Release|Any CPU.ActiveCfg = Release|Any CPU
		{182CA289-647E-4ED5-A914-F5E0172F4D48}.Release|Any CPU.Build.0 = Release|Any CPU
	EndGlobalSection
EndGlobal
